
Microsoft Visual Studio Solution File, Format Version 12.00
# Visual Studio 15
Project("{FAE04EC0-301F-11D3-BF4B-00C04F79EFBC}") = "Assembly-CSharp", "Assembly-CSharp.csproj", "{1117E303-6FF8-E14E-785C-3FF80ED2384E}"
EndProject
Global
	GlobalSection(SolutionConfigurationPlatforms) = preSolution
		Debug|Any CPU = Debug|Any CPU
		Release|Any CPU = Release|Any CPU
	EndGlobalSection
	GlobalSection(ProjectConfigurationPlatforms) = postSolution
		{1117E303-6FF8-E14E-785C-3FF80ED2384E}.Debug|Any CPU.ActiveCfg = Debug|Any CPU
		{1117E303-6FF8-E14E-785C-3FF80ED2384E}.Debug|Any CPU.Build.0 = Debug|Any CPU
		{1117E303-6FF8-E14E-785C-3FF80ED2384E}.Release|Any CPU.ActiveCfg = Release|Any CPU
		{1117E303-6FF8-E14E-785C-3FF80ED2384E}.Release|Any CPU.Build.0 = Release|Any CPU
	EndGlobalSection
	GlobalSection(SolutionProperties) = preSolution
		HideSolutionNode = FALSE
	EndGlobalSection
EndGlobal
